
Microsoft Visual Studio Solution File, Format Version 12.00
# Visual Studio Version 16
VisualStudioVersion = 16.0.31911.196
MinimumVisualStudioVersion = 10.0.40219.1
Project("{FAE04EC0-301F-11D3-BF4B-00C04F79EFBC}") = "GraphAPI_SDKDemo", "GraphAPI_SDKDemo\GraphAPI_SDKDemo.csproj", "{C2BA9C2A-C47E-4CE3-9985-3FC471338F10}"
EndProject
Global
	GlobalSection(SolutionConfigurationPlatforms) = preSolution
		Debug|Any CPU = Debug|Any CPU
		Release|Any CPU = Release|Any CPU
	EndGlobalSection
	GlobalSection(ProjectConfigurationPlatforms) = postSolution
		{C2BA9C2A-C47E-4CE3-9985-3FC471338F10}.Debug|Any CPU.ActiveCfg = Debug|Any CPU
		{C2BA9C2A-C47E-4CE3-9985-3FC471338F10}.Debug|Any CPU.Build.0 = Debug|Any CPU
		{C2BA9C2A-C47E-4CE3-9985-3FC471338F10}.Release|Any CPU.ActiveCfg = Release|Any CPU
		{C2BA9C2A-C47E-4CE3-9985-3FC471338F10}.Release|Any CPU.Build.0 = Release|Any CPU
	EndGlobalSection
	GlobalSection(SolutionProperties) = preSolution
		HideSolutionNode = FALSE
	EndGlobalSection
	GlobalSection(ExtensibilityGlobals) = postSolution
		SolutionGuid = {6BB95F19-9FB4-4393-AA64-32B62EE744AC}
	EndGlobalSection
EndGlobal
